{
  "version": 4,
  "terraform_version": "1.9.2",
  "serial": 4,
  "lineage": "76ee97e7-78e6-f7ea-29e0-164c81545095",
  "outputs": {
    "kubernetes_cluster_ca_certificate": {
      "value": "-----BEGIN CERTIFICATE-----\nMIIELDCCApSgAwIBAgIQca0aTIiMtebPIJr7W5GayjANBgkqhkiG9w0BAQsFADAv\nMS0wKwYDVQQDEyQ0Y2MxNjQyOS03YmRmLTRjN2EtYjZjNS1kODY3N2VhZjFhN2Iw\nIBcNMjQwNzE4MDUzNTU5WhgPMjA1NDA3MTEwNjM1NTlaMC8xLTArBgNVBAMTJDRj\nYzE2NDI5LTdiZGYtNGM3YS1iNmM1LWQ4Njc3ZWFmMWE3YjCCAaIwDQYJKoZIhvcN\nAQEBBQADggGPADCCAYoCggGBANVxss8l3Uegud0tR9/gv8oaWBnIcaVAZJDWpYF2\n8n4kKkaDMSVaeUev5JDbwo+tFSVYhtWcrXkvpZ8gqL45Zu7huXemYc/qNmGDW3Hh\nvqKq/H+Rf7fAoQcnud9IzXYgsUS9McXTH6Uvb4lTJEoWkj7l9x/mgSDao22ZQW7H\nSfcnWuX3FuiYdd+t5fYo8I3zfYH63hjAbzpmKSHSEqA96fj+sQh52Rxw1rOqZb11\nlxvnmOQ9khC/4FoFTdoWUZu0Xthnt0CL1+Ijl7m8VSbKRRrEmebKseppz7cANpzD\n8GOsXhXlFfBPWJdTpTkkzOnH6f3565VY+DnB7LYOsK3sLWyHc2CEhdnfnhhdvDts\n5RLacrklK7CxXDdNdBd6Rng8SfK5ykenFubsuH6o/TToSQbf8Fw5rYuuj1KBzfnv\nX/nzgEjkIJnQV9XaT4JnMcTp/IHN2uJdVDfnYbQVDMwQUSE1nasIpwbeL1qGUpzk\nfmZnPVvsS6ayjYi4bZHSPDvbTwIDAQABo0IwQDAOBgNVHQ8BAf8EBAMCAgQwDwYD\nVR0TAQH/BAUwAwEB/zAdBgNVHQ4EFgQUHbO9cWiT8ge2iTFRudZmysdXCqkwDQYJ\nKoZIhvcNAQELBQADggGBACLsbGhwDyJd99YadORz1SSkizjKGkKmDVrc0j5OdU86\nwrU0MiDb7uI2hMIdOmoVFuPv26DYWCt1jXuimtjE0oovJ8izjGNxvQnp6QTdPkF+\nX8R8q9VwiSeecPlaNXI8mcZvSabCYV/BikG8ncD5gQIviATFNThrWFdiaGUylEhy\nMGNeAAOLj/dZu6N5h03f5P47SNUGfgsOT7piTWjtusVNVwuxGspmalKO2mWK5sA8\nC9nQ4l5L45nAE4orqoBY55+jPxsg5ULZEmy6+ABj4tq4v3iw/tSXyEV2YHeOQuaC\nyBPb2rVKHZnLI5EZLX8qaD12r+AJakfS+IZwEvNdgeMXIXpvccgW+MT/BrIA1Jz1\nKdgbAgyh8jonjAaxigJXt6vgLp1LySpmiF16NpORli78iZapoMW63ErXExWqqBd5\nZl/zJKrBp5/o8yULLIxo9KgyTsbJM626UGjA86hQSO7xIbuHAgr6/kqIHMamyKfC\nTN8rrHPhEeKVt+9SPLxDKQ==\n-----END CERTIFICATE-----\n",
      "type": "string",
      "sensitive": true
    },
    "kubernetes_cluster_host": {
      "value": "https://34.70.200.106",
      "type": "string"
    },
    "kubernetes_cluster_name": {
      "value": "primary-cluster",
      "type": "string"
    }
  },
  "resources": [
    {
      "mode": "managed",
      "type": "google_container_cluster",
      "name": "primary",
      "provider": "provider[\"registry.terraform.io/hashicorp/google\"]",
      "instances": [
        {
          "schema_version": 2,
          "attributes": {
            "addons_config": [
              {
                "cloudrun_config": [],
                "config_connector_config": [],
                "dns_cache_config": [],
                "gce_persistent_disk_csi_driver_config": [
                  {
                    "enabled": true
                  }
                ],
                "gcp_filestore_csi_driver_config": [],
                "gcs_fuse_csi_driver_config": [],
                "gke_backup_agent_config": [],
                "horizontal_pod_autoscaling": [],
                "http_load_balancing": [],
                "network_policy_config": [
                  {
                    "disabled": true
                  }
                ],
                "stateful_ha_config": []
              }
            ],
            "allow_net_admin": null,
            "authenticator_groups_config": [],
            "binary_authorization": [
              {
                "enabled": false,
                "evaluation_mode": ""
              }
            ],
            "cluster_autoscaling": [
              {
                "auto_provisioning_defaults": [],
                "autoscaling_profile": "BALANCED",
                "enabled": false,
                "resource_limits": []
              }
            ],
            "cluster_ipv4_cidr": "10.8.0.0/14",
            "confidential_nodes": [],
            "cost_management_config": [],
            "database_encryption": [
              {
                "key_name": "",
                "state": "DECRYPTED"
              }
            ],
            "datapath_provider": "",
            "default_max_pods_per_node": 110,
            "default_snat_status": [
              {
                "disabled": false
              }
            ],
            "deletion_protection": true,
            "description": "",
            "dns_config": [],
            "enable_autopilot": false,
            "enable_cilium_clusterwide_network_policy": false,
            "enable_intranode_visibility": false,
            "enable_k8s_beta_apis": [],
            "enable_kubernetes_alpha": false,
            "enable_l4_ilb_subsetting": false,
            "enable_legacy_abac": false,
            "enable_shielded_nodes": true,
            "enable_tpu": false,
            "endpoint": "34.70.200.106",
            "fleet": [],
            "gateway_api_config": [],
            "id": "projects/eminent-yen-429707-d4/locations/us-central1-c/clusters/primary-cluster",
            "identity_service_config": [],
            "initial_node_count": 1,
            "ip_allocation_policy": [
              {
                "additional_pod_ranges_config": [],
                "cluster_ipv4_cidr_block": "10.8.0.0/14",
                "cluster_secondary_range_name": "gke-primary-cluster-pods-db9a4134",
                "pod_cidr_overprovision_config": [
                  {
                    "disabled": false
                  }
                ],
                "services_ipv4_cidr_block": "34.118.224.0/20",
                "services_secondary_range_name": "",
                "stack_type": "IPV4"
              }
            ],
            "label_fingerprint": "a9dc16a7",
            "location": "us-central1-c",
            "logging_config": [
              {
                "enable_components": [
                  "SYSTEM_COMPONENTS",
                  "WORKLOADS"
                ]
              }
            ],
            "logging_service": "logging.googleapis.com/kubernetes",
            "maintenance_policy": [],
            "master_auth": [
              {
                "client_certificate": "",
                "client_certificate_config": [
                  {
                    "issue_client_certificate": false
                  }
                ],
                "client_key": "",
                "cluster_ca_certificate": "LS0tLS1CRUdJTiBDRVJUSUZJQ0FURS0tLS0tCk1JSUVMRENDQXBTZ0F3SUJBZ0lRY2EwYVRJaU10ZWJQSUpyN1c1R2F5akFOQmdrcWhraUc5dzBCQVFzRkFEQXYKTVMwd0t3WURWUVFERXlRMFkyTXhOalF5T1MwM1ltUm1MVFJqTjJFdFlqWmpOUzFrT0RZM04yVmhaakZoTjJJdwpJQmNOTWpRd056RTRNRFV6TlRVNVdoZ1BNakExTkRBM01URXdOak0xTlRsYU1DOHhMVEFyQmdOVkJBTVRKRFJqCll6RTJOREk1TFRkaVpHWXROR00zWVMxaU5tTTFMV1E0TmpjM1pXRm1NV0UzWWpDQ0FhSXdEUVlKS29aSWh2Y04KQVFFQkJRQURnZ0dQQURDQ0FZb0NnZ0dCQU5WeHNzOGwzVWVndWQwdFI5L2d2OG9hV0JuSWNhVkFaSkRXcFlGMgo4bjRrS2thRE1TVmFlVWV2NUpEYndvK3RGU1ZZaHRXY3JYa3ZwWjhncUw0NVp1N2h1WGVtWWMvcU5tR0RXM0hoCnZxS3EvSCtSZjdmQW9RY251ZDlJelhZZ3NVUzlNY1hUSDZVdmI0bFRKRW9Xa2o3bDl4L21nU0RhbzIyWlFXN0gKU2Zjbld1WDNGdWlZZGQrdDVmWW84STN6ZllINjNoakFienBtS1NIU0VxQTk2Zmorc1FoNTJSeHcxck9xWmIxMQpseHZubU9ROWtoQy80Rm9GVGRvV1VadTBYdGhudDBDTDErSWpsN204VlNiS1JSckVtZWJLc2VwcHo3Y0FOcHpECjhHT3NYaFhsRmZCUFdKZFRwVGtrek9uSDZmMzU2NVZZK0RuQjdMWU9zSzNzTFd5SGMyQ0VoZG5mbmhoZHZEdHMKNVJMYWNya2xLN0N4WERkTmRCZDZSbmc4U2ZLNXlrZW5GdWJzdUg2by9UVG9TUWJmOEZ3NXJZdXVqMUtCemZudgpYL256Z0Vqa0lKblFWOVhhVDRKbk1jVHAvSUhOMnVKZFZEZm5ZYlFWRE13UVVTRTFuYXNJcHdiZUwxcUdVcHprCmZtWm5QVnZzUzZheWpZaTRiWkhTUER2YlR3SURBUUFCbzBJd1FEQU9CZ05WSFE4QkFmOEVCQU1DQWdRd0R3WUQKVlIwVEFRSC9CQVV3QXdFQi96QWRCZ05WSFE0RUZnUVVIYk85Y1dpVDhnZTJpVEZSdWRabXlzZFhDcWt3RFFZSgpLb1pJaHZjTkFRRUxCUUFEZ2dHQkFDTHNiR2h3RHlKZDk5WWFkT1J6MVNTa2l6aktHa0ttRFZyYzBqNU9kVTg2CndyVTBNaURiN3VJMmhNSWRPbW9WRnVQdjI2RFlXQ3Qxalh1aW10akUwb292SjhpempHTnh2UW5wNlFUZFBrRisKWDhSOHE5VndpU2VlY1BsYU5YSThtY1p2U2FiQ1lWL0Jpa0c4bmNENWdRSXZpQVRGTlRocldGZGlhR1V5bEVoeQpNR05lQUFPTGovZFp1Nk41aDAzZjVQNDdTTlVHZmdzT1Q3cGlUV2p0dXNWTlZ3dXhHc3BtYWxLTzJtV0s1c0E4CkM5blE0bDVMNDVuQUU0b3Jxb0JZNTUralB4c2c1VUxaRW15NitBQmo0dHE0djNpdy90U1h5RVYyWUhlT1F1YUMKeUJQYjJyVktIWm5MSTVFWkxYOHFhRDEycitBSmFrZlMrSVp3RXZOZGdlTVhJWHB2Y2NnVytNVC9CcklBMUp6MQpLZGdiQWd5aDhqb25qQWF4aWdKWHQ2dmdMcDFMeVNwbWlGMTZOcE9SbGk3OGlaYXBvTVc2M0VyWEV4V3FxQmQ1ClpsL3pKS3JCcDUvbzh5VUxMSXhvOUtneVRzYkpNNjI2VUdqQTg2aFFTTzd4SWJ1SEFncjYva3FJSE1hbXlLZkMKVE44cnJIUGhFZUtWdCs5U1BMeERLUT09Ci0tLS0tRU5EIENFUlRJRklDQVRFLS0tLS0K"
              }
            ],
            "master_authorized_networks_config": [],
            "master_version": "1.29.6-gke.1038001",
            "mesh_certificates": [],
            "min_master_version": null,
            "monitoring_config": [
              {
                "advanced_datapath_observability_config": [
                  {
                    "enable_metrics": false,
                    "enable_relay": false,
                    "relay_mode": "DISABLED"
                  }
                ],
                "enable_components": [
                  "SYSTEM_COMPONENTS"
                ],
                "managed_prometheus": [
                  {
                    "enabled": true
                  }
                ]
              }
            ],
            "monitoring_service": "monitoring.googleapis.com/kubernetes",
            "name": "primary-cluster",
            "network": "projects/eminent-yen-429707-d4/global/networks/default",
            "network_policy": [
              {
                "enabled": false,
                "provider": "PROVIDER_UNSPECIFIED"
              }
            ],
            "networking_mode": "VPC_NATIVE",
            "node_config": [],
            "node_locations": [],
            "node_pool": [],
            "node_pool_auto_config": [],
            "node_pool_defaults": [
              {
                "node_config_defaults": [
                  {
                    "containerd_config": [],
                    "logging_variant": "DEFAULT"
                  }
                ]
              }
            ],
            "node_version": "1.29.6-gke.1038001",
            "notification_config": [
              {
                "pubsub": [
                  {
                    "enabled": false,
                    "filter": [],
                    "topic": ""
                  }
                ]
              }
            ],
            "operation": null,
            "private_cluster_config": [
              {
                "enable_private_endpoint": false,
                "enable_private_nodes": false,
                "master_global_access_config": [
                  {
                    "enabled": false
                  }
                ],
                "master_ipv4_cidr_block": "",
                "peering_name": "",
                "private_endpoint": "10.128.0.2",
                "private_endpoint_subnetwork": "",
                "public_endpoint": "34.70.200.106"
              }
            ],
            "private_ipv6_google_access": "",
            "project": "eminent-yen-429707-d4",
            "release_channel": [
              {
                "channel": "REGULAR"
              }
            ],
            "remove_default_node_pool": true,
            "resource_labels": null,
            "resource_usage_export_config": [],
            "security_posture_config": [
              {
                "mode": "BASIC",
                "vulnerability_mode": "VULNERABILITY_MODE_UNSPECIFIED"
              }
            ],
            "self_link": "https://container.googleapis.com/v1/projects/eminent-yen-429707-d4/zones/us-central1-c/clusters/primary-cluster",
            "service_external_ips_config": [
              {
                "enabled": false
              }
            ],
            "services_ipv4_cidr": "34.118.224.0/20",
            "subnetwork": "projects/eminent-yen-429707-d4/regions/us-central1/subnetworks/default",
            "timeouts": null,
            "tpu_ipv4_cidr_block": "",
            "vertical_pod_autoscaling": [],
            "workload_identity_config": [
              {
                "workload_pool": "eminent-yen-429707-d4.svc.id.goog"
              }
            ]
          },
          "sensitive_attributes": [
            [
              {
                "type": "get_attr",
                "value": "master_auth"
              },
              {
                "type": "index",
                "value": {
                  "value": 0,
                  "type": "number"
                }
              },
              {
                "type": "get_attr",
                "value": "client_key"
              }
            ]
          ],
          "private": "eyJlMmJmYjczMC1lY2FhLTExZTYtOGY4OC0zNDM2M2JjN2M0YzAiOnsiY3JlYXRlIjoyNDAwMDAwMDAwMDAwLCJkZWxldGUiOjI0MDAwMDAwMDAwMDAsInJlYWQiOjI0MDAwMDAwMDAwMDAsInVwZGF0ZSI6MzYwMDAwMDAwMDAwMH0sInNjaGVtYV92ZXJzaW9uIjoiMiJ9"
        }
      ]
    },
    {
      "mode": "managed",
      "type": "google_container_node_pool",
      "name": "primary_nodes",
      "provider": "provider[\"registry.terraform.io/hashicorp/google\"]",
      "instances": [
        {
          "schema_version": 1,
          "attributes": {
            "autoscaling": [],
            "cluster": "primary-cluster",
            "id": "projects/eminent-yen-429707-d4/locations/us-central1-c/clusters/primary-cluster/nodePools/primary-node-pool",
            "initial_node_count": 3,
            "instance_group_urls": [
              "https://www.googleapis.com/compute/v1/projects/eminent-yen-429707-d4/zones/us-central1-c/instanceGroupManagers/gke-primary-cluster-primary-node-pool-747e036e-grp"
            ],
            "location": "us-central1-c",
            "managed_instance_group_urls": [
              "https://www.googleapis.com/compute/v1/projects/eminent-yen-429707-d4/zones/us-central1-c/instanceGroups/gke-primary-cluster-primary-node-pool-747e036e-grp"
            ],
            "management": [
              {
                "auto_repair": true,
                "auto_upgrade": true
              }
            ],
            "max_pods_per_node": 110,
            "name": "primary-node-pool",
            "name_prefix": "",
            "network_config": [
              {
                "create_pod_range": false,
                "enable_private_nodes": false,
                "network_performance_config": [],
                "pod_cidr_overprovision_config": [],
                "pod_ipv4_cidr_block": "10.8.0.0/14",
                "pod_range": "gke-primary-cluster-pods-db9a4134"
              }
            ],
            "node_config": [
              {
                "advanced_machine_features": [],
                "boot_disk_kms_key": "",
                "confidential_nodes": [],
                "containerd_config": [],
                "disk_size_gb": 100,
                "disk_type": "pd-balanced",
                "effective_taints": [],
                "enable_confidential_storage": false,
                "ephemeral_storage_local_ssd_config": [],
                "fast_socket": [],
                "gcfs_config": [],
                "guest_accelerator": [],
                "gvnic": [],
                "host_maintenance_policy": [],
                "image_type": "COS_CONTAINERD",
                "kubelet_config": [],
                "labels": {},
                "linux_node_config": [],
                "local_nvme_ssd_block_config": [],
                "local_ssd_count": 0,
                "logging_variant": "DEFAULT",
                "machine_type": "e2-medium",
                "metadata": {
                  "disable-legacy-endpoints": "true"
                },
                "min_cpu_platform": "",
                "node_group": "",
                "oauth_scopes": [
                  "https://www.googleapis.com/auth/devstorage.read_only",
                  "https://www.googleapis.com/auth/logging.write",
                  "https://www.googleapis.com/auth/monitoring",
                  "https://www.googleapis.com/auth/service.management.readonly",
                  "https://www.googleapis.com/auth/servicecontrol",
                  "https://www.googleapis.com/auth/trace.append"
                ],
                "preemptible": false,
                "reservation_affinity": [],
                "resource_labels": null,
                "resource_manager_tags": null,
                "secondary_boot_disks": [],
                "service_account": "default",
                "shielded_instance_config": [
                  {
                    "enable_integrity_monitoring": true,
                    "enable_secure_boot": false
                  }
                ],
                "sole_tenant_config": [],
                "spot": false,
                "tags": null,
                "taint": [],
                "workload_metadata_config": [
                  {
                    "mode": "GKE_METADATA"
                  }
                ]
              }
            ],
            "node_count": 3,
            "node_locations": [
              "us-central1-c"
            ],
            "operation": null,
            "placement_policy": [],
            "project": "eminent-yen-429707-d4",
            "queued_provisioning": [],
            "timeouts": null,
            "upgrade_settings": [
              {
                "blue_green_settings": [],
                "max_surge": 1,
                "max_unavailable": 0,
                "strategy": "SURGE"
              }
            ],
            "version": "1.29.6-gke.1038001"
          },
          "sensitive_attributes": [],
          "private": "eyJlMmJmYjczMC1lY2FhLTExZTYtOGY4OC0zNDM2M2JjN2M0YzAiOnsiY3JlYXRlIjoxODAwMDAwMDAwMDAwLCJkZWxldGUiOjE4MDAwMDAwMDAwMDAsInVwZGF0ZSI6MTgwMDAwMDAwMDAwMH0sInNjaGVtYV92ZXJzaW9uIjoiMSJ9",
          "dependencies": [
            "google_container_cluster.primary"
          ]
        }
      ]
    }
  ],
  "check_results": null
}
